
Microsoft Visual Studio Solution File, Format Version 12.00
# Visual Studio Version 17
VisualStudioVersion = 17.11.35327.3
MinimumVisualStudioVersion = 10.0.40219.1
Project("{FAE04EC0-301F-11D3-BF4B-00C04F79EFBC}") = "LeOwlDeMod", "LeOwlDeMod\LeOwlDeMod.csproj", "{2391BEA9-E3B5-4B6D-9C2D-358B674BD4D1}"
EndProject
Global
	GlobalSection(SolutionConfigurationPlatforms) = preSolution
		Debug|Any CPU = Debug|Any CPU
		Release|Any CPU = Release|Any CPU
	EndGlobalSection
	GlobalSection(ProjectConfigurationPlatforms) = postSolution
		{2391BEA9-E3B5-4B6D-9C2D-358B674BD4D1}.Debug|Any CPU.ActiveCfg = Debug|Any CPU
		{2391BEA9-E3B5-4B6D-9C2D-358B674BD4D1}.Debug|Any CPU.Build.0 = Debug|Any CPU
		{2391BEA9-E3B5-4B6D-9C2D-358B674BD4D1}.Release|Any CPU.ActiveCfg = Release|Any CPU
		{2391BEA9-E3B5-4B6D-9C2D-358B674BD4D1}.Release|Any CPU.Build.0 = Release|Any CPU
	EndGlobalSection
	GlobalSection(SolutionProperties) = preSolution
		HideSolutionNode = FALSE
	EndGlobalSection
	GlobalSection(ExtensibilityGlobals) = postSolution
		SolutionGuid = {8F33003D-B043-4A56-A44C-DFFB1E364D36}
	EndGlobalSection
EndGlobal
